
Microsoft Visual Studio Solution File, Format Version 12.00
# Visual Studio 15
VisualStudioVersion = 15.0.27004.2005
MinimumVisualStudioVersion = 10.0.40219.1
Project("{2150E333-8FDC-42A3-9474-1A3956D46DE8}") = "IdentityAndAccess", "IdentityAndAccess", "{6C2FCD36-B52E-4AEB-9AC8-D33EC5968DA1}"
EndProject
Project("{2150E333-8FDC-42A3-9474-1A3956D46DE8}") = "Common", "Common", "{137ECC69-115A-4EB6-9D5B-EDA2F8330130}"
EndProject
Project("{2150E333-8FDC-42A3-9474-1A3956D46DE8}") = "Forum", "Forum", "{F0A8C8B4-F793-46D1-93A8-286C476FDB10}"
EndProject
Project("{FAE04EC0-301F-11D3-BF4B-00C04F79EFBC}") = "ForumApp.Forum.Domain.Model", "Forum\Domain.Model\ForumApp.Forum.Domain.Model\ForumApp.Forum.Domain.Model.csproj", "{8159E235-B4CB-49B4-B632-3ADE9A7D7BC4}"
EndProject
Project("{FAE04EC0-301F-11D3-BF4B-00C04F79EFBC}") = "ForumApp.Common", "Common\ForumApp.Common\ForumApp.Common.csproj", "{6313C73C-D145-4B92-90C4-DCF2985D81B5}"
EndProject
Project("{2150E333-8FDC-42A3-9474-1A3956D46DE8}") = "Domain.Model", "Domain.Model", "{8DEC6FF7-3057-4B1B-941A-F9228AE335A8}"
EndProject
Project("{2150E333-8FDC-42A3-9474-1A3956D46DE8}") = "Infrastructure", "Infrastructure", "{1E72E275-0A4D-4BFE-8BD8-262D4EB6DA61}"
EndProject
Project("{FAE04EC0-301F-11D3-BF4B-00C04F79EFBC}") = "ForumApp.Forum.Infrastructure.Persistence", "Forum\Infrastructure\ForumApp.Forum.Infrastructure.Persistence\ForumApp.Forum.Infrastructure.Persistence.csproj", "{1EEC9DCC-0E67-4D4F-B7CF-73F251020635}"
EndProject
Project("{FAE04EC0-301F-11D3-BF4B-00C04F79EFBC}") = "ForumApp.Forum.Infrastruc.Persist.Tests", "Forum\Infrastructure\ForumApp.Forum.Infrastruc.Persist.Tests\ForumApp.Forum.Infrastruc.Persist.Tests.csproj", "{3A3CBB3C-BF34-4898-9D32-792B7E06941C}"
EndProject
Project("{2150E333-8FDC-42A3-9474-1A3956D46DE8}") = "Application", "Application", "{0F5B4773-EC5C-4061-A728-B7CE08F47F84}"
EndProject
Project("{FAE04EC0-301F-11D3-BF4B-00C04F79EFBC}") = "ForumApp.Forum.Application", "Forum\Application\ForumApp.Forum.Application\ForumApp.Forum.Application.csproj", "{6C0E8866-BE1E-4A85-BB59-4AE680996085}"
EndProject
Project("{FAE04EC0-301F-11D3-BF4B-00C04F79EFBC}") = "ForumApp.Forum.Application.Tests", "Forum\Application\ForumApp.Forum.Application.Tests\ForumApp.Forum.Application.Tests.csproj", "{6908DD5B-A48B-44FA-B5C0-43BB6FACA80B}"
EndProject
Project("{2150E333-8FDC-42A3-9474-1A3956D46DE8}") = "Ports", "Ports", "{10ADB342-EF16-4B4E-809D-AA0E1F1E1BF3}"
EndProject
Project("{FAE04EC0-301F-11D3-BF4B-00C04F79EFBC}") = "ForumApp.Forum.Ports.Rest", "Forum\Ports\ForumApp.Forum.Ports.Rest\ForumApp.Forum.Ports.Rest.csproj", "{686903FF-D8A6-4699-A342-0931675131A1}"
EndProject
Project("{FAE04EC0-301F-11D3-BF4B-00C04F79EFBC}") = "ForumApp.Forum.Ports.Rest.Tests", "Forum\Ports\ForumApp.Forum.Ports.Rest.Tests\ForumApp.Forum.Ports.Rest.Tests.csproj", "{F5E98079-3807-4BE6-8647-4B7CAF188BB6}"
EndProject
Project("{2150E333-8FDC-42A3-9474-1A3956D46DE8}") = "Infrastructure", "Infrastructure", "{F86A8119-B4A8-425D-9480-6781BEB3AE94}"
EndProject
Project("{FAE04EC0-301F-11D3-BF4B-00C04F79EFBC}") = "ForumApp.Identity.Infrastructure.Persistence", "IdentityAndAccess\Infrastructure\ForumApp.Identity.Infrastructure.Persistence\ForumApp.Identity.Infrastructure.Persistence.csproj", "{0E9C8506-08D4-47B8-8803-511F37010AE3}"
EndProject
Project("{2150E333-8FDC-42A3-9474-1A3956D46DE8}") = "Application", "Application", "{361535CA-0E33-48B4-8A0D-011AA2D45574}"
EndProject
Project("{FAE04EC0-301F-11D3-BF4B-00C04F79EFBC}") = "ForumApp.Identity.Application", "IdentityAndAccess\Application\ForumApp.Identity.Application\ForumApp.Identity.Application.csproj", "{FA4E4A3D-4772-41E4-83D2-FA3DBE68EA17}"
EndProject
Project("{2150E333-8FDC-42A3-9474-1A3956D46DE8}") = "Ports", "Ports", "{3C0AFFD7-08C9-41A5-AA86-722BA243FF16}"
EndProject
Project("{FAE04EC0-301F-11D3-BF4B-00C04F79EFBC}") = "ForumApp.Identity.Ports.Rest", "IdentityAndAccess\Ports\ForumApp.Identity.Ports.Rest\ForumApp.Identity.Ports.Rest.csproj", "{474DA0B5-E9CB-4059-9C9E-D30DFE5E17AC}"
EndProject
Global
	GlobalSection(SolutionConfigurationPlatforms) = preSolution
		Debug|Any CPU = Debug|Any CPU
		Release|Any CPU = Release|Any CPU
	EndGlobalSection
	GlobalSection(ProjectConfigurationPlatforms) = postSolution
		{8159E235-B4CB-49B4-B632-3ADE9A7D7BC4}.Debug|Any CPU.ActiveCfg = Debug|Any CPU
		{8159E235-B4CB-49B4-B632-3ADE9A7D7BC4}.Debug|Any CPU.Build.0 = Debug|Any CPU
		{8159E235-B4CB-49B4-B632-3ADE9A7D7BC4}.Release|Any CPU.ActiveCfg = Release|Any CPU
		{8159E235-B4CB-49B4-B632-3ADE9A7D7BC4}.Release|Any CPU.Build.0 = Release|Any CPU
		{6313C73C-D145-4B92-90C4-DCF2985D81B5}.Debug|Any CPU.ActiveCfg = Debug|Any CPU
		{6313C73C-D145-4B92-90C4-DCF2985D81B5}.Debug|Any CPU.Build.0 = Debug|Any CPU
		{6313C73C-D145-4B92-90C4-DCF2985D81B5}.Release|Any CPU.ActiveCfg = Release|Any CPU
		{6313C73C-D145-4B92-90C4-DCF2985D81B5}.Release|Any CPU.Build.0 = Release|Any CPU
		{1EEC9DCC-0E67-4D4F-B7CF-73F251020635}.Debug|Any CPU.ActiveCfg = Debug|Any CPU
		{1EEC9DCC-0E67-4D4F-B7CF-73F251020635}.Debug|Any CPU.Build.0 = Debug|Any CPU
		{1EEC9DCC-0E67-4D4F-B7CF-73F251020635}.Release|Any CPU.ActiveCfg = Release|Any CPU
		{1EEC9DCC-0E67-4D4F-B7CF-73F251020635}.Release|Any CPU.Build.0 = Release|Any CPU
		{3A3CBB3C-BF34-4898-9D32-792B7E06941C}.Debug|Any CPU.ActiveCfg = Debug|Any CPU
		{3A3CBB3C-BF34-4898-9D32-792B7E06941C}.Debug|Any CPU.Build.0 = Debug|Any CPU
		{3A3CBB3C-BF34-4898-9D32-792B7E06941C}.Release|Any CPU.ActiveCfg = Release|Any CPU
		{3A3CBB3C-BF34-4898-9D32-792B7E06941C}.Release|Any CPU.Build.0 = Release|Any CPU
		{6C0E8866-BE1E-4A85-BB59-4AE680996085}.Debug|Any CPU.ActiveCfg = Debug|Any CPU
		{6C0E8866-BE1E-4A85-BB59-4AE680996085}.Debug|Any CPU.Build.0 = Debug|Any CPU
		{6C0E8866-BE1E-4A85-BB59-4AE680996085}.Release|Any CPU.ActiveCfg = Release|Any CPU
		{6C0E8866-BE1E-4A85-BB59-4AE680996085}.Release|Any CPU.Build.0 = Release|Any CPU
		{6908DD5B-A48B-44FA-B5C0-43BB6FACA80B}.Debug|Any CPU.ActiveCfg = Debug|Any CPU
		{6908DD5B-A48B-44FA-B5C0-43BB6FACA80B}.Debug|Any CPU.Build.0 = Debug|Any CPU
		{6908DD5B-A48B-44FA-B5C0-43BB6FACA80B}.Release|Any CPU.ActiveCfg = Release|Any CPU
		{6908DD5B-A48B-44FA-B5C0-43BB6FACA80B}.Release|Any CPU.Build.0 = Release|Any CPU
		{686903FF-D8A6-4699-A342-0931675131A1}.Debug|Any CPU.ActiveCfg = Debug|Any CPU
		{686903FF-D8A6-4699-A342-0931675131A1}.Debug|Any CPU.Build.0 = Debug|Any CPU
		{686903FF-D8A6-4699-A342-0931675131A1}.Release|Any CPU.ActiveCfg = Release|Any CPU
		{686903FF-D8A6-4699-A342-0931675131A1}.Release|Any CPU.Build.0 = Release|Any CPU
		{F5E98079-3807-4BE6-8647-4B7CAF188BB6}.Debug|Any CPU.ActiveCfg = Debug|Any CPU
		{F5E98079-3807-4BE6-8647-4B7CAF188BB6}.Debug|Any CPU.Build.0 = Debug|Any CPU
		{F5E98079-3807-4BE6-8647-4B7CAF188BB6}.Release|Any CPU.ActiveCfg = Release|Any CPU
		{F5E98079-3807-4BE6-8647-4B7CAF188BB6}.Release|Any CPU.Build.0 = Release|Any CPU
		{0E9C8506-08D4-47B8-8803-511F37010AE3}.Debug|Any CPU.ActiveCfg = Debug|Any CPU
		{0E9C8506-08D4-47B8-8803-511F37010AE3}.Debug|Any CPU.Build.0 = Debug|Any CPU
		{0E9C8506-08D4-47B8-8803-511F37010AE3}.Release|Any CPU.ActiveCfg = Release|Any CPU
		{0E9C8506-08D4-47B8-8803-511F37010AE3}.Release|Any CPU.Build.0 = Release|Any CPU
		{FA4E4A3D-4772-41E4-83D2-FA3DBE68EA17}.Debug|Any CPU.ActiveCfg = Debug|Any CPU
		{FA4E4A3D-4772-41E4-83D2-FA3DBE68EA17}.Debug|Any CPU.Build.0 = Debug|Any CPU
		{FA4E4A3D-4772-41E4-83D2-FA3DBE68EA17}.Release|Any CPU.ActiveCfg = Release|Any CPU
		{FA4E4A3D-4772-41E4-83D2-FA3DBE68EA17}.Release|Any CPU.Build.0 = Release|Any CPU
		{474DA0B5-E9CB-4059-9C9E-D30DFE5E17AC}.Debug|Any CPU.ActiveCfg = Debug|Any CPU
		{474DA0B5-E9CB-4059-9C9E-D30DFE5E17AC}.Debug|Any CPU.Build.0 = Debug|Any CPU
		{474DA0B5-E9CB-4059-9C9E-D30DFE5E17AC}.Release|Any CPU.ActiveCfg = Release|Any CPU
		{474DA0B5-E9CB-4059-9C9E-D30DFE5E17AC}.Release|Any CPU.Build.0 = Release|Any CPU
	EndGlobalSection
	GlobalSection(SolutionProperties) = preSolution
		HideSolutionNode = FALSE
	EndGlobalSection
	GlobalSection(NestedProjects) = preSolution
		{8159E235-B4CB-49B4-B632-3ADE9A7D7BC4} = {8DEC6FF7-3057-4B1B-941A-F9228AE335A8}
		{6313C73C-D145-4B92-90C4-DCF2985D81B5} = {137ECC69-115A-4EB6-9D5B-EDA2F8330130}
		{8DEC6FF7-3057-4B1B-941A-F9228AE335A8} = {F0A8C8B4-F793-46D1-93A8-286C476FDB10}
		{1E72E275-0A4D-4BFE-8BD8-262D4EB6DA61} = {F0A8C8B4-F793-46D1-93A8-286C476FDB10}
		{1EEC9DCC-0E67-4D4F-B7CF-73F251020635} = {1E72E275-0A4D-4BFE-8BD8-262D4EB6DA61}
		{3A3CBB3C-BF34-4898-9D32-792B7E06941C} = {1E72E275-0A4D-4BFE-8BD8-262D4EB6DA61}
		{0F5B4773-EC5C-4061-A728-B7CE08F47F84} = {F0A8C8B4-F793-46D1-93A8-286C476FDB10}
		{6C0E8866-BE1E-4A85-BB59-4AE680996085} = {0F5B4773-EC5C-4061-A728-B7CE08F47F84}
		{6908DD5B-A48B-44FA-B5C0-43BB6FACA80B} = {0F5B4773-EC5C-4061-A728-B7CE08F47F84}
		{10ADB342-EF16-4B4E-809D-AA0E1F1E1BF3} = {F0A8C8B4-F793-46D1-93A8-286C476FDB10}
		{686903FF-D8A6-4699-A342-0931675131A1} = {10ADB342-EF16-4B4E-809D-AA0E1F1E1BF3}
		{F5E98079-3807-4BE6-8647-4B7CAF188BB6} = {10ADB342-EF16-4B4E-809D-AA0E1F1E1BF3}
		{F86A8119-B4A8-425D-9480-6781BEB3AE94} = {6C2FCD36-B52E-4AEB-9AC8-D33EC5968DA1}
		{0E9C8506-08D4-47B8-8803-511F37010AE3} = {F86A8119-B4A8-425D-9480-6781BEB3AE94}
		{361535CA-0E33-48B4-8A0D-011AA2D45574} = {6C2FCD36-B52E-4AEB-9AC8-D33EC5968DA1}
		{FA4E4A3D-4772-41E4-83D2-FA3DBE68EA17} = {361535CA-0E33-48B4-8A0D-011AA2D45574}
		{3C0AFFD7-08C9-41A5-AA86-722BA243FF16} = {6C2FCD36-B52E-4AEB-9AC8-D33EC5968DA1}
		{474DA0B5-E9CB-4059-9C9E-D30DFE5E17AC} = {3C0AFFD7-08C9-41A5-AA86-722BA243FF16}
	EndGlobalSection
	GlobalSection(ExtensibilityGlobals) = postSolution
		SolutionGuid = {EF8613CD-F659-42ED-963A-799FECDDD882}
	EndGlobalSection
EndGlobal
